
Microsoft Visual Studio Solution File, Format Version 11.00
# Visual Studio 2010
Project("{8BC9CEB8-8B4A-11D0-8D11-00A0C91BC942}") = "ompwave", "ompwave\ompwave.vcxproj", "{07043F18-E2A3-47C1-A8FA-CB78ED868DE5}"
EndProject
Project("{2150E333-8FDC-42A3-9474-1A3956D46DE8}") = "NewFolder1", "NewFolder1", "{2DA01777-B7A8-4A78-B9D0-BAD518EE4A9F}"
EndProject
Project("{2150E333-8FDC-42A3-9474-1A3956D46DE8}") = "NewFolder2", "NewFolder2", "{39067276-9011-4E81-9CAB-C949CEDA7290}"
EndProject
Project("{8BC9CEB8-8B4A-11D0-8D11-00A0C91BC942}") = "matrices", "E:\YandexDisk\OpenMP Code\matrices\matrices\matrices.vcxproj", "{A3BDDB0C-D1CE-4EA7-BA62-7B5095A1F8B2}"
EndProject
Global
	GlobalSection(SolutionConfigurationPlatforms) = preSolution
		Debug|Win32 = Debug|Win32
		Release|Win32 = Release|Win32
	EndGlobalSection
	GlobalSection(ProjectConfigurationPlatforms) = postSolution
		{07043F18-E2A3-47C1-A8FA-CB78ED868DE5}.Debug|Win32.ActiveCfg = Debug|Win32
		{07043F18-E2A3-47C1-A8FA-CB78ED868DE5}.Debug|Win32.Build.0 = Debug|Win32
		{07043F18-E2A3-47C1-A8FA-CB78ED868DE5}.Release|Win32.ActiveCfg = Release|Win32
		{07043F18-E2A3-47C1-A8FA-CB78ED868DE5}.Release|Win32.Build.0 = Release|Win32
		{A3BDDB0C-D1CE-4EA7-BA62-7B5095A1F8B2}.Debug|Win32.ActiveCfg = Debug|Win32
		{A3BDDB0C-D1CE-4EA7-BA62-7B5095A1F8B2}.Debug|Win32.Build.0 = Debug|Win32
		{A3BDDB0C-D1CE-4EA7-BA62-7B5095A1F8B2}.Release|Win32.ActiveCfg = Release|Win32
		{A3BDDB0C-D1CE-4EA7-BA62-7B5095A1F8B2}.Release|Win32.Build.0 = Release|Win32
	EndGlobalSection
	GlobalSection(SolutionProperties) = preSolution
		HideSolutionNode = FALSE
	EndGlobalSection
	GlobalSection(NestedProjects) = preSolution
		{07043F18-E2A3-47C1-A8FA-CB78ED868DE5} = {2DA01777-B7A8-4A78-B9D0-BAD518EE4A9F}
		{A3BDDB0C-D1CE-4EA7-BA62-7B5095A1F8B2} = {39067276-9011-4E81-9CAB-C949CEDA7290}
	EndGlobalSection
EndGlobal
